{
  "object": {
    "pins": [
      {
        "package": "BarChart",
        "repositoryURL": "https://github.com/dawigr/BarChart.git",
        "state": {
          "branch": null,
          "revision": "e2be4cc9a5264e5200ab78383505102f35cf7d1a",
          "version": "1.0.1"
        }
      }
    ]
  },
  "version": 1
}
