{
  "object": {
    "pins": [
      {
        "package": "BarChart",
        "repositoryURL": "https://github.com/dawigr/BarChart.git",
        "state": {
          "branch": null,
          "revision": "f1f122b0c043c5429dc95f9361aaa2da42fae813",
          "version": "1.0.6"
        }
      }
    ]
  },
  "version": 1
}
