{
  "object": {
    "pins": [
      {
        "package": "BarChart",
        "repositoryURL": "https://github.com/dawigr/BarChart.git",
        "state": {
          "branch": null,
          "revision": "569d900a00762380772d12cb24660c9bcd73f076",
          "version": "1.0.5"
        }
      }
    ]
  },
  "version": 1
}
