{
  "object": {
    "pins": [
      {
        "package": "BarChart",
        "repositoryURL": "https://github.com/dawigr/BarChart.git",
        "state": {
          "branch": null,
          "revision": "4c93434c11a07f376e77b7763944bd235e0465be",
          "version": "1.2.1"
        }
      }
    ]
  },
  "version": 1
}
