{
  "object": {
    "pins": [
      {
        "package": "BarChart",
        "repositoryURL": "https://github.com/dawigr/BarChart.git",
        "state": {
          "branch": null,
          "revision": "36ea99e8e68b1d6bfd4ea8c2d555a11aed591ade",
          "version": "1.3.0"
        }
      }
    ]
  },
  "version": 1
}
