{
  "object": {
    "pins": [
      {
        "package": "BarChart",
        "repositoryURL": "https://github.com/dawigr/BarChart.git",
        "state": {
          "branch": null,
          "revision": "23e1b127b7a658a869dc0cfa0c849c4c078cafc0",
          "version": "1.3.0"
        }
      }
    ]
  },
  "version": 1
}
